{
  "name": "cloudwatch-serverless-rds-alarm",
  "version": "1.0.0",
  "lockfileVersion": 1,
  "requires": true,
  "dependencies": {
    "lodash": {
      "version": "4.17.20",
      "resolved": "https://registry.npmjs.org/lodash/-/lodash-4.17.20.tgz",
      "integrity": "sha512-PlhdFcillOINfeV7Ni6oF1TAEayyZBoZ8bcshTHqOYJYlrqzRK5hagpagky5o4HfCzzd1TRkXPMFq6cKk9rGmA=="
    },
    "serverless-plugin-aws-alerts": {
      "version": "1.6.1",
      "resolved": "https://registry.npmjs.org/serverless-plugin-aws-alerts/-/serverless-plugin-aws-alerts-1.6.1.tgz",
      "integrity": "sha512-ylw60cZkjDFtTR08eEKcIU5CHK0PD8TLmTERZ0V4Aoo7cDqT/a9Lr4Ke9U2yBabxrRRqCg1zzZ9QqtQL99YlZA==",
      "requires": {
        "lodash": "^4.17.10"
      }
    }
  }
}
